{
  "name": "nodejs-azure-func",
  "version": "1.0.0",
  "lockfileVersion": 1,
  "requires": true,
  "dependencies": {
    "@azure/functions": {
      "version": "3.5.0",
      "resolved": "https://registry.npmjs.org/@azure/functions/-/functions-3.5.0.tgz",
      "integrity": "sha512-RBYGdZIPYT17UPGBcXI9DPlpaEOO5D8r7pDpJsm/2N5eVrpqIRO8VZuoIiZiEQWV0LO3BZNzlvdS87pzBUBJzQ==",
      "dev": true,
      "requires": {
        "iconv-lite": "^0.6.3",
        "long": "^4.0.0",
        "uuid": "^8.3.0"
      }
    },
    "@types/node": {
      "version": "16.18.16",
      "resolved": "https://registry.npmjs.org/@types/node/-/node-16.18.16.tgz",
      "integrity": "sha512-ZOzvDRWp8dCVBmgnkIqYCArgdFOO9YzocZp8Ra25N/RStKiWvMOXHMz+GjSeVNe5TstaTmTWPucGJkDw0XXJWA==",
      "dev": true
    },
    "azure-function-log-intercept": {
      "version": "1.1.2",
      "resolved": "https://registry.npmjs.org/azure-function-log-intercept/-/azure-function-log-intercept-1.1.2.tgz",
      "integrity": "sha512-Felw0J5pMWI6Tv5CXFcp05Vyb20trh1+nA8XUVnV6TVUMCXUYQqRTZaHTFGZQQtoFdpk3j9LbN7WmHxrrmdt2w=="
    },
    "iconv-lite": {
      "version": "0.6.3",
      "resolved": "https://registry.npmjs.org/iconv-lite/-/iconv-lite-0.6.3.tgz",
      "integrity": "sha512-4fCk79wshMdzMp2rH06qWrJE4iolqLhCUH+OiuIgU++RB0+94NlDL81atO7GX55uUKueo0txHNtvEyI6D7WdMw==",
      "dev": true,
      "requires": {
        "safer-buffer": ">= 2.1.2 < 3.0.0"
      }
    },
    "long": {
      "version": "4.0.0",
      "resolved": "https://registry.npmjs.org/long/-/long-4.0.0.tgz",
      "integrity": "sha512-XsP+KhQif4bjX1kbuSiySJFNAehNxgLb6hPRGJ9QsUr8ajHkuXGdrHmFUTUUXhDwVX2R5bY4JNZEwbUiMhV+MA==",
      "dev": true
    },
    "safer-buffer": {
      "version": "2.1.2",
      "resolved": "https://registry.npmjs.org/safer-buffer/-/safer-buffer-2.1.2.tgz",
      "integrity": "sha512-YZo3K82SD7Riyi0E1EQPojLz7kpepnSQI9IyPbHHg1XXXevb5dJI7tpyN2ADxGcQbHG7vcyRHk0cbwqcQriUtg==",
      "dev": true
    },
    "typescript": {
      "version": "4.9.5",
      "resolved": "https://registry.npmjs.org/typescript/-/typescript-4.9.5.tgz",
      "integrity": "sha512-1FXk9E2Hm+QzZQ7z+McJiHL4NW1F2EzMu9Nq9i3zAaGqibafqYwCVU6WyWAuyQRRzOlxou8xZSyXLEN8oKj24g==",
      "dev": true
    },
    "uuid": {
      "version": "8.3.2",
      "resolved": "https://registry.npmjs.org/uuid/-/uuid-8.3.2.tgz",
      "integrity": "sha512-+NYs2QeMWy+GWFOEm9xnn6HCDp0l7QBD7ml8zLUmJ+93Q5NF0NocErnwkTkXVFNiX3/fpC6afS8Dhb/gz7R7eg==",
      "dev": true
    }
  }
}
